
Microsoft Visual Studio Solution File, Format Version 12.00
# Visual Studio Version 16
VisualStudioVersion = 16.0.31410.357
MinimumVisualStudioVersion = 10.0.40219.1
Project("{FAE04EC0-301F-11D3-BF4B-00C04F79EFBC}") = "Bluetooth", "Bluetooth\Bluetooth.csproj", "{FDB15A8F-DE64-4FDC-82D5-ED11C85FF1CE}"
EndProject
Global
	GlobalSection(SolutionConfigurationPlatforms) = preSolution
		Debug|Any CPU = Debug|Any CPU
		Release|Any CPU = Release|Any CPU
	EndGlobalSection
	GlobalSection(ProjectConfigurationPlatforms) = postSolution
		{FDB15A8F-DE64-4FDC-82D5-ED11C85FF1CE}.Debug|Any CPU.ActiveCfg = Debug|Any CPU
		{FDB15A8F-DE64-4FDC-82D5-ED11C85FF1CE}.Debug|Any CPU.Build.0 = Debug|Any CPU
		{FDB15A8F-DE64-4FDC-82D5-ED11C85FF1CE}.Release|Any CPU.ActiveCfg = Release|Any CPU
		{FDB15A8F-DE64-4FDC-82D5-ED11C85FF1CE}.Release|Any CPU.Build.0 = Release|Any CPU
	EndGlobalSection
	GlobalSection(SolutionProperties) = preSolution
		HideSolutionNode = FALSE
	EndGlobalSection
	GlobalSection(ExtensibilityGlobals) = postSolution
		SolutionGuid = {B6F3AC17-1C39-4560-BE09-7C6D8BF4FCD4}
	EndGlobalSection
EndGlobal
